
Microsoft Visual Studio Solution File, Format Version 12.00
# Visual Studio Version 17
VisualStudioVersion = 17.11.35312.102
MinimumVisualStudioVersion = 10.0.40219.1
Project("{FAE04EC0-301F-11D3-BF4B-00C04F79EFBC}") = "HOMEWORK4", "HOMEWORK4.csproj", "{407C842A-6936-44B5-902C-4C30F0374936}"
EndProject
Global
	GlobalSection(SolutionConfigurationPlatforms) = preSolution
		Debug|Any CPU = Debug|Any CPU
		Release|Any CPU = Release|Any CPU
	EndGlobalSection
	GlobalSection(ProjectConfigurationPlatforms) = postSolution
		{407C842A-6936-44B5-902C-4C30F0374936}.Debug|Any CPU.ActiveCfg = Debug|Any CPU
		{407C842A-6936-44B5-902C-4C30F0374936}.Debug|Any CPU.Build.0 = Debug|Any CPU
		{407C842A-6936-44B5-902C-4C30F0374936}.Release|Any CPU.ActiveCfg = Release|Any CPU
		{407C842A-6936-44B5-902C-4C30F0374936}.Release|Any CPU.Build.0 = Release|Any CPU
	EndGlobalSection
	GlobalSection(SolutionProperties) = preSolution
		HideSolutionNode = FALSE
	EndGlobalSection
	GlobalSection(ExtensibilityGlobals) = postSolution
		SolutionGuid = {60A6C3F4-3B33-4994-B3C1-D69921DF5401}
	EndGlobalSection
EndGlobal
